// !$*UTF8*$!
{
	archiveVersion = 1;
	classes = {
	};
	objectVersion = 56;
	objects = {

/* Begin PBXBuildFile section */
		645043A12C1B26B100EF4096 /* HistoryViewModel.swift in Sources */ = {isa = PBXBuildFile; fileRef = 645043A02C1B26B100EF4096 /* HistoryViewModel.swift */; };
		645043A42C1B270F00EF4096 /* HistoryService.swift in Sources */ = {isa = PBXBuildFile; fileRef = 645043A32C1B270F00EF4096 /* HistoryService.swift */; };
		645043A72C1B275C00EF4096 /* History.swift in Sources */ = {isa = PBXBuildFile; fileRef = 645043A62C1B275C00EF4096 /* History.swift */; };
		645043A92C1B27F300EF4096 /* History.json in Resources */ = {isa = PBXBuildFile; fileRef = 645043A82C1B27F300EF4096 /* History.json */; };
		645043AD2C1B81AD00EF4096 /* HistoryTableViewCell.swift in Sources */ = {isa = PBXBuildFile; fileRef = 645043AB2C1B81AD00EF4096 /* HistoryTableViewCell.swift */; };
		645043AE2C1B81AD00EF4096 /* HistoryTableViewCell.xib in Resources */ = {isa = PBXBuildFile; fileRef = 645043AC2C1B81AD00EF4096 /* HistoryTableViewCell.xib */; };
		64F9D6B42C18E52200C4DC39 /* AppDelegate.swift in Sources */ = {isa = PBXBuildFile; fileRef = 64F9D6B32C18E52200C4DC39 /* AppDelegate.swift */; };
		64F9D6B62C18E52200C4DC39 /* SceneDelegate.swift in Sources */ = {isa = PBXBuildFile; fileRef = 64F9D6B52C18E52200C4DC39 /* SceneDelegate.swift */; };
		64F9D6B82C18E52200C4DC39 /* HistoryViewController.swift in Sources */ = {isa = PBXBuildFile; fileRef = 64F9D6B72C18E52200C4DC39 /* HistoryViewController.swift */; };
		64F9D6BB2C18E52200C4DC39 /* Main.storyboard in Resources */ = {isa = PBXBuildFile; fileRef = 64F9D6B92C18E52200C4DC39 /* Main.storyboard */; };
		64F9D6BD2C18E52300C4DC39 /* Assets.xcassets in Resources */ = {isa = PBXBuildFile; fileRef = 64F9D6BC2C18E52300C4DC39 /* Assets.xcassets */; };
		64F9D6C02C18E52300C4DC39 /* LaunchScreen.storyboard in Resources */ = {isa = PBXBuildFile; fileRef = 64F9D6BE2C18E52300C4DC39 /* LaunchScreen.storyboard */; };
/* End PBXBuildFile section */

/* Begin PBXFileReference section */
		645043A02C1B26B100EF4096 /* HistoryViewModel.swift */ = {isa = PBXFileReference; lastKnownFileType = sourcecode.swift; path = HistoryViewModel.swift; sourceTree = "<group>"; };
		645043A32C1B270F00EF4096 /* HistoryService.swift */ = {isa = PBXFileReference; lastKnownFileType = sourcecode.swift; path = HistoryService.swift; sourceTree = "<group>"; };
		645043A62C1B275C00EF4096 /* History.swift */ = {isa = PBXFileReference; lastKnownFileType = sourcecode.swift; path = History.swift; sourceTree = "<group>"; };
		645043A82C1B27F300EF4096 /* History.json */ = {isa = PBXFileReference; lastKnownFileType = text.json; path = History.json; sourceTree = "<group>"; };
		645043AB2C1B81AD00EF4096 /* HistoryTableViewCell.swift */ = {isa = PBXFileReference; lastKnownFileType = sourcecode.swift; path = HistoryTableViewCell.swift; sourceTree = "<group>"; };
		645043AC2C1B81AD00EF4096 /* HistoryTableViewCell.xib */ = {isa = PBXFileReference; lastKnownFileType = file.xib; path = HistoryTableViewCell.xib; sourceTree = "<group>"; };
		64F9D6B02C18E52200C4DC39 /* praticandoRequisicaoAPI.app */ = {isa = PBXFileReference; explicitFileType = wrapper.application; includeInIndex = 0; path = praticandoRequisicaoAPI.app; sourceTree = BUILT_PRODUCTS_DIR; };
		64F9D6B32C18E52200C4DC39 /* AppDelegate.swift */ = {isa = PBXFileReference; lastKnownFileType = sourcecode.swift; path = AppDelegate.swift; sourceTree = "<group>"; };
		64F9D6B52C18E52200C4DC39 /* SceneDelegate.swift */ = {isa = PBXFileReference; lastKnownFileType = sourcecode.swift; path = SceneDelegate.swift; sourceTree = "<group>"; };
		64F9D6B72C18E52200C4DC39 /* HistoryViewController.swift */ = {isa = PBXFileReference; lastKnownFileType = sourcecode.swift; path = HistoryViewController.swift; sourceTree = "<group>"; };
		64F9D6BA2C18E52200C4DC39 /* Base */ = {isa = PBXFileReference; lastKnownFileType = file.storyboard; name = Base; path = Base.lproj/Main.storyboard; sourceTree = "<group>"; };
		64F9D6BC2C18E52300C4DC39 /* Assets.xcassets */ = {isa = PBXFileReference; lastKnownFileType = folder.assetcatalog; path = Assets.xcassets; sourceTree = "<group>"; };
		64F9D6BF2C18E52300C4DC39 /* Base */ = {isa = PBXFileReference; lastKnownFileType = file.storyboard; name = Base; path = Base.lproj/LaunchScreen.storyboard; sourceTree = "<group>"; };
		64F9D6C12C18E52300C4DC39 /* Info.plist */ = {isa = PBXFileReference; lastKnownFileType = text.plist.xml; path = Info.plist; sourceTree = "<group>"; };
/* End PBXFileReference section */

/* Begin PBXFrameworksBuildPhase section */
		64F9D6AD2C18E52200C4DC39 /* Frameworks */ = {
			isa = PBXFrameworksBuildPhase;
			buildActionMask = 2147483647;
			files = (
			);
			runOnlyForDeploymentPostprocessing = 0;
		};
/* End PBXFrameworksBuildPhase section */

/* Begin PBXGroup section */
		6450439D2C1B25D300EF4096 /* History */ = {
			isa = PBXGroup;
			children = (
				645043AA2C1B818D00EF4096 /* Cell */,
				645043A22C1B26F100EF4096 /* Service */,
				6450439F2C1B269500EF4096 /* ViewModel */,
				64F9D6B72C18E52200C4DC39 /* HistoryViewController.swift */,
				64F9D6B92C18E52200C4DC39 /* Main.storyboard */,
			);
			path = History;
			sourceTree = "<group>";
		};
		6450439E2C1B267500EF4096 /* Model */ = {
			isa = PBXGroup;
			children = (
				645043A62C1B275C00EF4096 /* History.swift */,
			);
			path = Model;
			sourceTree = "<group>";
		};
		6450439F2C1B269500EF4096 /* ViewModel */ = {
			isa = PBXGroup;
			children = (
				645043A02C1B26B100EF4096 /* HistoryViewModel.swift */,
			);
			path = ViewModel;
			sourceTree = "<group>";
		};
		645043A22C1B26F100EF4096 /* Service */ = {
			isa = PBXGroup;
			children = (
				645043A32C1B270F00EF4096 /* HistoryService.swift */,
			);
			path = Service;
			sourceTree = "<group>";
		};
		645043A52C1B273800EF4096 /* Mock */ = {
			isa = PBXGroup;
			children = (
				645043A82C1B27F300EF4096 /* History.json */,
			);
			path = Mock;
			sourceTree = "<group>";
		};
		645043AA2C1B818D00EF4096 /* Cell */ = {
			isa = PBXGroup;
			children = (
				645043AB2C1B81AD00EF4096 /* HistoryTableViewCell.swift */,
				645043AC2C1B81AD00EF4096 /* HistoryTableViewCell.xib */,
			);
			path = Cell;
			sourceTree = "<group>";
		};
		64F9D6A72C18E52200C4DC39 = {
			isa = PBXGroup;
			children = (
				64F9D6B22C18E52200C4DC39 /* praticandoRequisicaoAPI */,
				64F9D6B12C18E52200C4DC39 /* Products */,
			);
			sourceTree = "<group>";
		};
		64F9D6B12C18E52200C4DC39 /* Products */ = {
			isa = PBXGroup;
			children = (
				64F9D6B02C18E52200C4DC39 /* praticandoRequisicaoAPI.app */,
			);
			name = Products;
			sourceTree = "<group>";
		};
		64F9D6B22C18E52200C4DC39 /* praticandoRequisicaoAPI */ = {
			isa = PBXGroup;
			children = (
				6450439E2C1B267500EF4096 /* Model */,
				645043A52C1B273800EF4096 /* Mock */,
				6450439D2C1B25D300EF4096 /* History */,
				64F9D6B32C18E52200C4DC39 /* AppDelegate.swift */,
				64F9D6B52C18E52200C4DC39 /* SceneDelegate.swift */,
				64F9D6BC2C18E52300C4DC39 /* Assets.xcassets */,
				64F9D6BE2C18E52300C4DC39 /* LaunchScreen.storyboard */,
				64F9D6C12C18E52300C4DC39 /* Info.plist */,
			);
			path = praticandoRequisicaoAPI;
			sourceTree = "<group>";
		};
/* End PBXGroup section */

/* Begin PBXNativeTarget section */
		64F9D6AF2C18E52200C4DC39 /* praticandoRequisicaoAPI */ = {
			isa = PBXNativeTarget;
			buildConfigurationList = 64F9D6C42C18E52300C4DC39 /* Build configuration list for PBXNativeTarget "praticandoRequisicaoAPI" */;
			buildPhases = (
				64F9D6AC2C18E52200C4DC39 /* Sources */,
				64F9D6AD2C18E52200C4DC39 /* Frameworks */,
				64F9D6AE2C18E52200C4DC39 /* Resources */,
			);
			buildRules = (
			);
			dependencies = (
			);
			name = praticandoRequisicaoAPI;
			productName = praticandoRequisicaoAPI;
			productReference = 64F9D6B02C18E52200C4DC39 /* praticandoRequisicaoAPI.app */;
			productType = "com.apple.product-type.application";
		};
/* End PBXNativeTarget section */

/* Begin PBXProject section */
		64F9D6A82C18E52200C4DC39 /* Project object */ = {
			isa = PBXProject;
			attributes = {
				BuildIndependentTargetsInParallel = 1;
				LastSwiftUpdateCheck = 1500;
				LastUpgradeCheck = 1500;
				TargetAttributes = {
					64F9D6AF2C18E52200C4DC39 = {
						CreatedOnToolsVersion = 15.0;
					};
				};
			};
			buildConfigurationList = 64F9D6AB2C18E52200C4DC39 /* Build configuration list for PBXProject "praticandoRequisicaoAPI" */;
			compatibilityVersion = "Xcode 14.0";
			developmentRegion = en;
			hasScannedForEncodings = 0;
			knownRegions = (
				en,
				Base,
			);
			mainGroup = 64F9D6A72C18E52200C4DC39;
			productRefGroup = 64F9D6B12C18E52200C4DC39 /* Products */;
			projectDirPath = "";
			projectRoot = "";
			targets = (
				64F9D6AF2C18E52200C4DC39 /* praticandoRequisicaoAPI */,
			);
		};
/* End PBXProject section */

/* Begin PBXResourcesBuildPhase section */
		64F9D6AE2C18E52200C4DC39 /* Resources */ = {
			isa = PBXResourcesBuildPhase;
			buildActionMask = 2147483647;
			files = (
				64F9D6C02C18E52300C4DC39 /* LaunchScreen.storyboard in Resources */,
				645043AE2C1B81AD00EF4096 /* HistoryTableViewCell.xib in Resources */,
				64F9D6BD2C18E52300C4DC39 /* Assets.xcassets in Resources */,
				645043A92C1B27F300EF4096 /* History.json in Resources */,
				64F9D6BB2C18E52200C4DC39 /* Main.storyboard in Resources */,
			);
			runOnlyForDeploymentPostprocessing = 0;
		};
/* End PBXResourcesBuildPhase section */

/* Begin PBXSourcesBuildPhase section */
		64F9D6AC2C18E52200C4DC39 /* Sources */ = {
			isa = PBXSourcesBuildPhase;
			buildActionMask = 2147483647;
			files = (
				645043A72C1B275C00EF4096 /* History.swift in Sources */,
				64F9D6B82C18E52200C4DC39 /* HistoryViewController.swift in Sources */,
				645043AD2C1B81AD00EF4096 /* HistoryTableViewCell.swift in Sources */,
				64F9D6B42C18E52200C4DC39 /* AppDelegate.swift in Sources */,
				645043A42C1B270F00EF4096 /* HistoryService.swift in Sources */,
				64F9D6B62C18E52200C4DC39 /* SceneDelegate.swift in Sources */,
				645043A12C1B26B100EF4096 /* HistoryViewModel.swift in Sources */,
			);
			runOnlyForDeploymentPostprocessing = 0;
		};
/* End PBXSourcesBuildPhase section */

/* Begin PBXVariantGroup section */
		64F9D6B92C18E52200C4DC39 /* Main.storyboard */ = {
			isa = PBXVariantGroup;
			children = (
				64F9D6BA2C18E52200C4DC39 /* Base */,
			);
			name = Main.storyboard;
			sourceTree = "<group>";
		};
		64F9D6BE2C18E52300C4DC39 /* LaunchScreen.storyboard */ = {
			isa = PBXVariantGroup;
			children = (
				64F9D6BF2C18E52300C4DC39 /* Base */,
			);
			name = LaunchScreen.storyboard;
			sourceTree = "<group>";
		};
/* End PBXVariantGroup section */

/* Begin XCBuildConfiguration section */
		64F9D6C22C18E52300C4DC39 /* Debug */ = {
			isa = XCBuildConfiguration;
			buildSettings = {
				ALWAYS_SEARCH_USER_PATHS = NO;
				ASSETCATALOG_COMPILER_GENERATE_SWIFT_ASSET_SYMBOL_EXTENSIONS = YES;
				CLANG_ANALYZER_NONNULL = YES;
				CLANG_ANALYZER_NUMBER_OBJECT_CONVERSION = YES_AGGRESSIVE;
				CLANG_CXX_LANGUAGE_STANDARD = "gnu++20";
				CLANG_ENABLE_MODULES = YES;
				CLANG_ENABLE_OBJC_ARC = YES;
				CLANG_ENABLE_OBJC_WEAK = YES;
				CLANG_WARN_BLOCK_CAPTURE_AUTORELEASING = YES;
				CLANG_WARN_BOOL_CONVERSION = YES;
				CLANG_WARN_COMMA = YES;
				CLANG_WARN_CONSTANT_CONVERSION = YES;
				CLANG_WARN_DEPRECATED_OBJC_IMPLEMENTATIONS = YES;
				CLANG_WARN_DIRECT_OBJC_ISA_USAGE = YES_ERROR;
				CLANG_WARN_DOCUMENTATION_COMMENTS = YES;
				CLANG_WARN_EMPTY_BODY = YES;
				CLANG_WARN_ENUM_CONVERSION = YES;
				CLANG_WARN_INFINITE_RECURSION = YES;
				CLANG_WARN_INT_CONVERSION = YES;
				CLANG_WARN_NON_LITERAL_NULL_CONVERSION = YES;
				CLANG_WARN_OBJC_IMPLICIT_RETAIN_SELF = YES;
				CLANG_WARN_OBJC_LITERAL_CONVERSION = YES;
				CLANG_WARN_OBJC_ROOT_CLASS = YES_ERROR;
				CLANG_WARN_QUOTED_INCLUDE_IN_FRAMEWORK_HEADER = YES;
				CLANG_WARN_RANGE_LOOP_ANALYSIS = YES;
				CLANG_WARN_STRICT_PROTOTYPES = YES;
				CLANG_WARN_SUSPICIOUS_MOVE = YES;
				CLANG_WARN_UNGUARDED_AVAILABILITY = YES_AGGRESSIVE;
				CLANG_WARN_UNREACHABLE_CODE = YES;
				CLANG_WARN__DUPLICATE_METHOD_MATCH = YES;
				COPY_PHASE_STRIP = NO;
				DEBUG_INFORMATION_FORMAT = dwarf;
				ENABLE_STRICT_OBJC_MSGSEND = YES;
				ENABLE_TESTABILITY = YES;
				ENABLE_USER_SCRIPT_SANDBOXING = YES;
				GCC_C_LANGUAGE_STANDARD = gnu17;
				GCC_DYNAMIC_NO_PIC = NO;
				GCC_NO_COMMON_BLOCKS = YES;
				GCC_OPTIMIZATION_LEVEL = 0;
				GCC_PREPROCESSOR_DEFINITIONS = (
					"DEBUG=1",
					"$(inherited)",
				);
				GCC_WARN_64_TO_32_BIT_CONVERSION = YES;
				GCC_WARN_ABOUT_RETURN_TYPE = YES_ERROR;
				GCC_WARN_UNDECLARED_SELECTOR = YES;
				GCC_WARN_UNINITIALIZED_AUTOS = YES_AGGRESSIVE;
				GCC_WARN_UNUSED_FUNCTION = YES;
				GCC_WARN_UNUSED_VARIABLE = YES;
				IPHONEOS_DEPLOYMENT_TARGET = 17.0;
				LOCALIZATION_PREFERS_STRING_CATALOGS = YES;
				MTL_ENABLE_DEBUG_INFO = INCLUDE_SOURCE;
				MTL_FAST_MATH = YES;
				ONLY_ACTIVE_ARCH = YES;
				SDKROOT = iphoneos;
				SWIFT_ACTIVE_COMPILATION_CONDITIONS = "DEBUG $(inherited)";
				SWIFT_OPTIMIZATION_LEVEL = "-Onone";
			};
			name = Debug;
		};
		64F9D6C32C18E52300C4DC39 /* Release */ = {
			isa = XCBuildConfiguration;
			buildSettings = {
				ALWAYS_SEARCH_USER_PATHS = NO;
				ASSETCATALOG_COMPILER_GENERATE_SWIFT_ASSET_SYMBOL_EXTENSIONS = YES;
				CLANG_ANALYZER_NONNULL = YES;
				CLANG_ANALYZER_NUMBER_OBJECT_CONVERSION = YES_AGGRESSIVE;
				CLANG_CXX_LANGUAGE_STANDARD = "gnu++20";
				CLANG_ENABLE_MODULES = YES;
				CLANG_ENABLE_OBJC_ARC = YES;
				CLANG_ENABLE_OBJC_WEAK = YES;
				CLANG_WARN_BLOCK_CAPTURE_AUTORELEASING = YES;
				CLANG_WARN_BOOL_CONVERSION = YES;
				CLANG_WARN_COMMA = YES;
				CLANG_WARN_CONSTANT_CONVERSION = YES;
				CLANG_WARN_DEPRECATED_OBJC_IMPLEMENTATIONS = YES;
				CLANG_WARN_DIRECT_OBJC_ISA_USAGE = YES_ERROR;
				CLANG_WARN_DOCUMENTATION_COMMENTS = YES;
				CLANG_WARN_EMPTY_BODY = YES;
				CLANG_WARN_ENUM_CONVERSION = YES;
				CLANG_WARN_INFINITE_RECURSION = YES;
				CLANG_WARN_INT_CONVERSION = YES;
				CLANG_WARN_NON_LITERAL_NULL_CONVERSION = YES;
				CLANG_WARN_OBJC_IMPLICIT_RETAIN_SELF = YES;
				CLANG_WARN_OBJC_LITERAL_CONVERSION = YES;
				CLANG_WARN_OBJC_ROOT_CLASS = YES_ERROR;
				CLANG_WARN_QUOTED_INCLUDE_IN_FRAMEWORK_HEADER = YES;
				CLANG_WARN_RANGE_LOOP_ANALYSIS = YES;
				CLANG_WARN_STRICT_PROTOTYPES = YES;
				CLANG_WARN_SUSPICIOUS_MOVE = YES;
				CLANG_WARN_UNGUARDED_AVAILABILITY = YES_AGGRESSIVE;
				CLANG_WARN_UNREACHABLE_CODE = YES;
				CLANG_WARN__DUPLICATE_METHOD_MATCH = YES;
				COPY_PHASE_STRIP = NO;
				DEBUG_INFORMATION_FORMAT = "dwarf-with-dsym";
				ENABLE_NS_ASSERTIONS = NO;
				ENABLE_STRICT_OBJC_MSGSEND = YES;
				ENABLE_USER_SCRIPT_SANDBOXING = YES;
				GCC_C_LANGUAGE_STANDARD = gnu17;
				GCC_NO_COMMON_BLOCKS = YES;
				GCC_WARN_64_TO_32_BIT_CONVERSION = YES;
				GCC_WARN_ABOUT_RETURN_TYPE = YES_ERROR;
				GCC_WARN_UNDECLARED_SELECTOR = YES;
				GCC_WARN_UNINITIALIZED_AUTOS = YES_AGGRESSIVE;
				GCC_WARN_UNUSED_FUNCTION = YES;
				GCC_WARN_UNUSED_VARIABLE = YES;
				IPHONEOS_DEPLOYMENT_TARGET = 17.0;
				LOCALIZATION_PREFERS_STRING_CATALOGS = YES;
				MTL_ENABLE_DEBUG_INFO = NO;
				MTL_FAST_MATH = YES;
				SDKROOT = iphoneos;
				SWIFT_COMPILATION_MODE = wholemodule;
				VALIDATE_PRODUCT = YES;
			};
			name = Release;
		};
		64F9D6C52C18E52300C4DC39 /* Debug */ = {
			isa = XCBuildConfiguration;
			buildSettings = {
				ASSETCATALOG_COMPILER_APPICON_NAME = AppIcon;
				ASSETCATALOG_COMPILER_GLOBAL_ACCENT_COLOR_NAME = AccentColor;
				CODE_SIGN_STYLE = Automatic;
				CURRENT_PROJECT_VERSION = 1;
				GENERATE_INFOPLIST_FILE = YES;
				INFOPLIST_FILE = praticandoRequisicaoAPI/Info.plist;
				INFOPLIST_KEY_UIApplicationSupportsIndirectInputEvents = YES;
				INFOPLIST_KEY_UILaunchStoryboardName = LaunchScreen;
				INFOPLIST_KEY_UIMainStoryboardFile = Main;
				INFOPLIST_KEY_UISupportedInterfaceOrientations_iPad = "UIInterfaceOrientationPortrait UIInterfaceOrientationPortraitUpsideDown UIInterfaceOrientationLandscapeLeft UIInterfaceOrientationLandscapeRight";
				INFOPLIST_KEY_UISupportedInterfaceOrientations_iPhone = "UIInterfaceOrientationPortrait UIInterfaceOrientationLandscapeLeft UIInterfaceOrientationLandscapeRight";
				LD_RUNPATH_SEARCH_PATHS = (
					"$(inherited)",
					"@executable_path/Frameworks",
				);
				MARKETING_VERSION = 1.0;
				PRODUCT_BUNDLE_IDENTIFIER = backfront.praticandoRequisicaoAPI;
				PRODUCT_NAME = "$(TARGET_NAME)";
				SWIFT_EMIT_LOC_STRINGS = YES;
				SWIFT_VERSION = 5.0;
				TARGETED_DEVICE_FAMILY = "1,2";
			};
			name = Debug;
		};
		64F9D6C62C18E52300C4DC39 /* Release */ = {
			isa = XCBuildConfiguration;
			buildSettings = {
				ASSETCATALOG_COMPILER_APPICON_NAME = AppIcon;
				ASSETCATALOG_COMPILER_GLOBAL_ACCENT_COLOR_NAME = AccentColor;
				CODE_SIGN_STYLE = Automatic;
				CURRENT_PROJECT_VERSION = 1;
				GENERATE_INFOPLIST_FILE = YES;
				INFOPLIST_FILE = praticandoRequisicaoAPI/Info.plist;
				INFOPLIST_KEY_UIApplicationSupportsIndirectInputEvents = YES;
				INFOPLIST_KEY_UILaunchStoryboardName = LaunchScreen;
				INFOPLIST_KEY_UIMainStoryboardFile = Main;
				INFOPLIST_KEY_UISupportedInterfaceOrientations_iPad = "UIInterfaceOrientationPortrait UIInterfaceOrientationPortraitUpsideDown UIInterfaceOrientationLandscapeLeft UIInterfaceOrientationLandscapeRight";
				INFOPLIST_KEY_UISupportedInterfaceOrientations_iPhone = "UIInterfaceOrientationPortrait UIInterfaceOrientationLandscapeLeft UIInterfaceOrientationLandscapeRight";
				LD_RUNPATH_SEARCH_PATHS = (
					"$(inherited)",
					"@executable_path/Frameworks",
				);
				MARKETING_VERSION = 1.0;
				PRODUCT_BUNDLE_IDENTIFIER = backfront.praticandoRequisicaoAPI;
				PRODUCT_NAME = "$(TARGET_NAME)";
				SWIFT_EMIT_LOC_STRINGS = YES;
				SWIFT_VERSION = 5.0;
				TARGETED_DEVICE_FAMILY = "1,2";
			};
			name = Release;
		};
/* End XCBuildConfiguration section */

/* Begin XCConfigurationList section */
		64F9D6AB2C18E52200C4DC39 /* Build configuration list for PBXProject "praticandoRequisicaoAPI" */ = {
			isa = XCConfigurationList;
			buildConfigurations = (
				64F9D6C22C18E52300C4DC39 /* Debug */,
				64F9D6C32C18E52300C4DC39 /* Release */,
			);
			defaultConfigurationIsVisible = 0;
			defaultConfigurationName = Release;
		};
		64F9D6C42C18E52300C4DC39 /* Build configuration list for PBXNativeTarget "praticandoRequisicaoAPI" */ = {
			isa = XCConfigurationList;
			buildConfigurations = (
				64F9D6C52C18E52300C4DC39 /* Debug */,
				64F9D6C62C18E52300C4DC39 /* Release */,
			);
			defaultConfigurationIsVisible = 0;
			defaultConfigurationName = Release;
		};
/* End XCConfigurationList section */
	};
	rootObject = 64F9D6A82C18E52200C4DC39 /* Project object */;
}
